<?xml version="1.0" encoding="utf-8"?>
<Project ToolsVersion="4.0" xmlns="http://schemas.microsoft.com/developer/msbuild/2003">
  <ItemGroup>
    <Filter Include="源文件">
      <UniqueIdentifier>{4FC737F1-C7A5-4376-A066-2A32D752A2FF}</UniqueIdentifier>
      <Extensions>cpp;c;cc;cxx;def;odl;idl;hpj;bat;asm;asmx</Extensions>
    </Filter>
    <Filter Include="头文件">
      <UniqueIdentifier>{93995380-89BD-4b04-88EB-625FBE52EBFB}</UniqueIdentifier>
      <Extensions>h;hh;hpp;hxx;hm;inl;inc;ipp;xsd</Extensions>
    </Filter>
    <Filter Include="资源文件">
      <UniqueIdentifier>{67DA6AB6-F800-4c08-8B7A-83BB121AAD01}</UniqueIdentifier>
      <Extensions>rc;ico;cur;bmp;dlg;rc2;rct;bin;rgs;gif;jpg;jpeg;jpe;resx;tiff;tif;png;wav;mfcribbon-ms</Extensions>
    </Filter>
    <Filter Include="源文件\at">
      <UniqueIdentifier>{96adf3bf-24c4-4efd-afa1-9ac633d240a0}</UniqueIdentifier>
    </Filter>
    <Filter Include="源文件\container">
      <UniqueIdentifier>{cad6f0af-775a-410c-bafa-f49a13465e4a}</UniqueIdentifier>
    </Filter>
    <Filter Include="源文件\main">
      <UniqueIdentifier>{e901f0aa-d1f8-45df-9bef-497cdfd2f8ca}</UniqueIdentifier>
    </Filter>
    <Filter Include="源文件\text">
      <UniqueIdentifier>{a5b538b8-3e34-4fdb-b821-7734946fee47}</UniqueIdentifier>
    </Filter>
    <Filter Include="头文件\at">
      <UniqueIdentifier>{c780bbc0-9737-4aaf-90e3-b33c1b8c1c98}</UniqueIdentifier>
    </Filter>
    <Filter Include="头文件\container">
      <UniqueIdentifier>{e980a653-a0ae-4b3d-b4dc-c1b47c6ff6ba}</UniqueIdentifier>
    </Filter>
    <Filter Include="源文件\time manage">
      <UniqueIdentifier>{bb01434a-f107-4baf-b588-b2c0468431c4}</UniqueIdentifier>
    </Filter>
    <Filter Include="头文件\time manage">
      <UniqueIdentifier>{fd554ecc-1b8f-4cea-b333-66241da1d39f}</UniqueIdentifier>
    </Filter>
  </ItemGroup>
  <ItemGroup>
    <ClCompile Include="AT\at.c">
      <Filter>源文件\at</Filter>
    </ClCompile>
    <ClCompile Include="Container\array_family.c">
      <Filter>源文件\container</Filter>
    </ClCompile>
    <ClCompile Include="Container\stack.c">
      <Filter>源文件\container</Filter>
    </ClCompile>
    <ClCompile Include="Container\vector.c">
      <Filter>源文件\container</Filter>
    </ClCompile>
    <ClCompile Include="Container\allocator_common.c">
      <Filter>源文件\container</Filter>
    </ClCompile>
    <ClCompile Include="Container\compare.c">
      <Filter>源文件\container</Filter>
    </ClCompile>
    <ClCompile Include="Container\sort.c">
      <Filter>源文件\container</Filter>
    </ClCompile>
    <ClCompile Include="Main\main.c">
      <Filter>源文件\main</Filter>
    </ClCompile>
    <ClCompile Include="Time Manage\clocker.c">
      <Filter>源文件\time manage</Filter>
    </ClCompile>
    <ClCompile Include="Time Manage\delay.c">
      <Filter>源文件\time manage</Filter>
    </ClCompile>
    <ClCompile Include="Time Manage\timeout.c">
      <Filter>源文件\time manage</Filter>
    </ClCompile>
    <ClCompile Include="Time Manage\GeneralHashFunctions.c">
      <Filter>源文件\time manage</Filter>
    </ClCompile>
    <ClCompile Include="AT\at_device.c">
      <Filter>源文件\at</Filter>
    </ClCompile>
    <ClCompile Include="AT\at_task.c">
      <Filter>源文件\at</Filter>
    </ClCompile>
    <ClCompile Include="Container\forward_list.c">
      <Filter>源文件\container</Filter>
    </ClCompile>
    <ClCompile Include="Container\list_family.c">
      <Filter>源文件\container</Filter>
    </ClCompile>
    <ClCompile Include="AT\at_device_template.c">
      <Filter>源文件\at</Filter>
    </ClCompile>
    <ClCompile Include="AT\at_data_structure_template.c">
      <Filter>源文件\at</Filter>
    </ClCompile>
    <ClCompile Include="Time Manage\time_manage_timer_template.c">
      <Filter>源文件\time manage</Filter>
    </ClCompile>
    <ClCompile Include="AT\at_timeout.c">
      <Filter>源文件\at</Filter>
    </ClCompile>
    <ClCompile Include="AT\at_message.c">
      <Filter>源文件\at</Filter>
    </ClCompile>
    <ClCompile Include="Container\queue.c">
      <Filter>源文件\container</Filter>
    </ClCompile>
  </ItemGroup>
  <ItemGroup>
    <ClInclude Include="AT\at.h">
      <Filter>头文件\at</Filter>
    </ClInclude>
    <ClInclude Include="Container\array_family.h">
      <Filter>头文件\container</Filter>
    </ClInclude>
    <ClInclude Include="Container\container_def.h">
      <Filter>头文件\container</Filter>
    </ClInclude>
    <ClInclude Include="Container\stack.h">
      <Filter>头文件\container</Filter>
    </ClInclude>
    <ClInclude Include="Container\vector.h">
      <Filter>头文件\container</Filter>
    </ClInclude>
    <ClInclude Include="Container\algorithm.h">
      <Filter>头文件\container</Filter>
    </ClInclude>
    <ClInclude Include="Container\allocator.h">
      <Filter>头文件\container</Filter>
    </ClInclude>
    <ClInclude Include="Container\algorithm_def.h">
      <Filter>头文件\container</Filter>
    </ClInclude>
    <ClInclude Include="Container\allocator_def.h">
      <Filter>头文件\container</Filter>
    </ClInclude>
    <ClInclude Include="Container\allocator_common.h">
      <Filter>头文件\container</Filter>
    </ClInclude>
    <ClInclude Include="Container\compare.h">
      <Filter>头文件\container</Filter>
    </ClInclude>
    <ClInclude Include="Container\sort.h">
      <Filter>头文件\container</Filter>
    </ClInclude>
    <ClInclude Include="Time Manage\time_manage.h">
      <Filter>头文件\time manage</Filter>
    </ClInclude>
    <ClInclude Include="Time Manage\clocker.h">
      <Filter>头文件\time manage</Filter>
    </ClInclude>
    <ClInclude Include="Time Manage\delay.h">
      <Filter>头文件\time manage</Filter>
    </ClInclude>
    <ClInclude Include="Time Manage\timeout.h">
      <Filter>头文件\time manage</Filter>
    </ClInclude>
    <ClInclude Include="Time Manage\GeneralHashFunctions.h">
      <Filter>头文件\time manage</Filter>
    </ClInclude>
    <ClInclude Include="AT\at_device.h">
      <Filter>头文件\at</Filter>
    </ClInclude>
    <ClInclude Include="AT\at_def.h">
      <Filter>头文件\at</Filter>
    </ClInclude>
    <ClInclude Include="AT\at_cfg.h">
      <Filter>头文件\at</Filter>
    </ClInclude>
    <ClInclude Include="Time Manage\time_manage_cfg.h">
      <Filter>头文件\time manage</Filter>
    </ClInclude>
    <ClInclude Include="Time Manage\time_manage_def.h">
      <Filter>头文件\time manage</Filter>
    </ClInclude>
    <ClInclude Include="AT\at_task.h">
      <Filter>头文件\at</Filter>
    </ClInclude>
    <ClInclude Include="Container\forward_list.h">
      <Filter>头文件\container</Filter>
    </ClInclude>
    <ClInclude Include="Container\list_family.h">
      <Filter>头文件\container</Filter>
    </ClInclude>
    <ClInclude Include="Container\allocator_cfg.h">
      <Filter>头文件\container</Filter>
    </ClInclude>
    <ClInclude Include="Container\container_cfg.h">
      <Filter>头文件\container</Filter>
    </ClInclude>
    <ClInclude Include="AT\at_device_template.h">
      <Filter>头文件\at</Filter>
    </ClInclude>
    <ClInclude Include="AT\at_data_structure_template.h">
      <Filter>头文件\at</Filter>
    </ClInclude>
    <ClInclude Include="Time Manage\time_manage_timer_template.h">
      <Filter>头文件\time manage</Filter>
    </ClInclude>
    <ClInclude Include="AT\at_timeout.h">
      <Filter>头文件\at</Filter>
    </ClInclude>
    <ClInclude Include="AT\at_message.h">
      <Filter>头文件\at</Filter>
    </ClInclude>
    <ClInclude Include="Container\queue.h">
      <Filter>头文件\container</Filter>
    </ClInclude>
  </ItemGroup>
  <ItemGroup>
    <Text Include="Text\controller_receive.txt">
      <Filter>源文件\text</Filter>
    </Text>
    <Text Include="Text\controller_send.txt">
      <Filter>源文件\text</Filter>
    </Text>
    <Text Include="Text\peripheral_device_receive.txt">
      <Filter>源文件\text</Filter>
    </Text>
    <Text Include="Text\peripheral_device_send.txt">
      <Filter>源文件\text</Filter>
    </Text>
    <Text Include="Container\_repo_stack_issue.txt">
      <Filter>源文件\container</Filter>
    </Text>
  </ItemGroup>
</Project>