<?xml version="1.0" encoding="utf-8"?>
<Project ToolsVersion="4.0" xmlns="http://schemas.microsoft.com/developer/msbuild/2003">
  <ItemGroup>
    <Filter Include="源文件">
      <UniqueIdentifier>{4FC737F1-C7A5-4376-A066-2A32D752A2FF}</UniqueIdentifier>
      <Extensions>cpp;c;cc;cxx;def;odl;idl;hpj;bat;asm;asmx</Extensions>
    </Filter>
    <Filter Include="头文件">
      <UniqueIdentifier>{93995380-89BD-4b04-88EB-625FBE52EBFB}</UniqueIdentifier>
      <Extensions>h;hh;hpp;hxx;hm;inl;inc;ipp;xsd</Extensions>
    </Filter>
    <Filter Include="资源文件">
      <UniqueIdentifier>{67DA6AB6-F800-4c08-8B7A-83BB121AAD01}</UniqueIdentifier>
      <Extensions>rc;ico;cur;bmp;dlg;rc2;rct;bin;rgs;gif;jpg;jpeg;jpe;resx;tiff;tif;png;wav;mfcribbon-ms</Extensions>
    </Filter>
    <Filter Include="源文件\AT">
      <UniqueIdentifier>{96adf3bf-24c4-4efd-afa1-9ac633d240a0}</UniqueIdentifier>
    </Filter>
    <Filter Include="头文件\AT">
      <UniqueIdentifier>{c780bbc0-9737-4aaf-90e3-b33c1b8c1c98}</UniqueIdentifier>
    </Filter>
    <Filter Include="头文件\Container">
      <UniqueIdentifier>{e980a653-a0ae-4b3d-b4dc-c1b47c6ff6ba}</UniqueIdentifier>
    </Filter>
    <Filter Include="源文件\Container">
      <UniqueIdentifier>{cad6f0af-775a-410c-bafa-f49a13465e4a}</UniqueIdentifier>
    </Filter>
    <Filter Include="源文件\Main">
      <UniqueIdentifier>{e901f0aa-d1f8-45df-9bef-497cdfd2f8ca}</UniqueIdentifier>
    </Filter>
  </ItemGroup>
  <ItemGroup>
    <ClCompile Include="AT\at.c">
      <Filter>源文件\AT</Filter>
    </ClCompile>
    <ClCompile Include="Container\array_family.c">
      <Filter>源文件\Container</Filter>
    </ClCompile>
    <ClCompile Include="Container\stack.c">
      <Filter>源文件\Container</Filter>
    </ClCompile>
    <ClCompile Include="Container\vector.c">
      <Filter>源文件\Container</Filter>
    </ClCompile>
    <ClCompile Include="Container\allocator_common.c">
      <Filter>源文件\Container</Filter>
    </ClCompile>
    <ClCompile Include="Container\compare.c">
      <Filter>源文件\Container</Filter>
    </ClCompile>
    <ClCompile Include="Container\sort.c">
      <Filter>源文件\Container</Filter>
    </ClCompile>
    <ClCompile Include="Main\main.c">
      <Filter>源文件\Main</Filter>
    </ClCompile>
  </ItemGroup>
  <ItemGroup>
    <ClInclude Include="AT\at.h">
      <Filter>头文件\AT</Filter>
    </ClInclude>
    <ClInclude Include="Container\array_family.h">
      <Filter>头文件\Container</Filter>
    </ClInclude>
    <ClInclude Include="Container\container_def.h">
      <Filter>头文件\Container</Filter>
    </ClInclude>
    <ClInclude Include="Container\stack.h">
      <Filter>头文件\Container</Filter>
    </ClInclude>
    <ClInclude Include="Container\vector.h">
      <Filter>头文件\Container</Filter>
    </ClInclude>
    <ClInclude Include="Container\algorithm.h">
      <Filter>头文件\Container</Filter>
    </ClInclude>
    <ClInclude Include="Container\allocator.h">
      <Filter>头文件\Container</Filter>
    </ClInclude>
    <ClInclude Include="Container\algorithm_def.h">
      <Filter>头文件\Container</Filter>
    </ClInclude>
    <ClInclude Include="Container\allocator_def.h">
      <Filter>头文件\Container</Filter>
    </ClInclude>
    <ClInclude Include="Container\allocator_common.h">
      <Filter>头文件\Container</Filter>
    </ClInclude>
    <ClInclude Include="Container\compare.h">
      <Filter>头文件\Container</Filter>
    </ClInclude>
    <ClInclude Include="Container\sort.h">
      <Filter>头文件\Container</Filter>
    </ClInclude>
  </ItemGroup>
</Project>